
Microsoft Visual Studio Solution File, Format Version 12.00
# Visual Studio Version 17
VisualStudioVersion = 17.7.34009.444
MinimumVisualStudioVersion = 10.0.40219.1
Project("{FAE04EC0-301F-11D3-BF4B-00C04F79EFBC}") = "AzureBlobStorage", "AzureBlobStorage.csproj", "{432AC9B1-57FD-4388-9F05-C72E39EF98A7}"
EndProject
Global
	GlobalSection(SolutionConfigurationPlatforms) = preSolution
		Debug|Any CPU = Debug|Any CPU
		Release|Any CPU = Release|Any CPU
	EndGlobalSection
	GlobalSection(ProjectConfigurationPlatforms) = postSolution
		{432AC9B1-57FD-4388-9F05-C72E39EF98A7}.Debug|Any CPU.ActiveCfg = Debug|Any CPU
		{432AC9B1-57FD-4388-9F05-C72E39EF98A7}.Debug|Any CPU.Build.0 = Debug|Any CPU
		{432AC9B1-57FD-4388-9F05-C72E39EF98A7}.Release|Any CPU.ActiveCfg = Release|Any CPU
		{432AC9B1-57FD-4388-9F05-C72E39EF98A7}.Release|Any CPU.Build.0 = Release|Any CPU
	EndGlobalSection
	GlobalSection(SolutionProperties) = preSolution
		HideSolutionNode = FALSE
	EndGlobalSection
	GlobalSection(ExtensibilityGlobals) = postSolution
		SolutionGuid = {DAC8A845-6D01-47D4-92E1-97E57B17D6C5}
	EndGlobalSection
EndGlobal
